{
  "requires": true,
  "lockfileVersion": 1,
  "dependencies": {
    "sweetalert2": {
      "version": "11.0.18",
      "resolved": "https://registry.npmjs.org/sweetalert2/-/sweetalert2-11.0.18.tgz",
      "integrity": "sha512-sF6huRQqqRGz7p9F8XFKSICl5hOiXjjpmnwAO8vlyJKAyMNZb2fvdok11JIGQjqcqVMIag/VLNWF4eEsIKQKGw=="
    }
  }
}

